
Microsoft Visual Studio Solution File, Format Version 12.00
# Visual Studio Version 17
VisualStudioVersion = 17.5.33414.496
MinimumVisualStudioVersion = 10.0.40219.1
Project("{FAE04EC0-301F-11D3-BF4B-00C04F79EFBC}") = "WebApiEstacionamiento", "WebApiEstacionamiento\WebApiEstacionamiento.csproj", "{A2DCCC66-5237-4176-966B-0BED5A8E0373}"
EndProject
Global
	GlobalSection(SolutionConfigurationPlatforms) = preSolution
		Debug|Any CPU = Debug|Any CPU
		Release|Any CPU = Release|Any CPU
	EndGlobalSection
	GlobalSection(ProjectConfigurationPlatforms) = postSolution
		{A2DCCC66-5237-4176-966B-0BED5A8E0373}.Debug|Any CPU.ActiveCfg = Debug|Any CPU
		{A2DCCC66-5237-4176-966B-0BED5A8E0373}.Debug|Any CPU.Build.0 = Debug|Any CPU
		{A2DCCC66-5237-4176-966B-0BED5A8E0373}.Release|Any CPU.ActiveCfg = Release|Any CPU
		{A2DCCC66-5237-4176-966B-0BED5A8E0373}.Release|Any CPU.Build.0 = Release|Any CPU
	EndGlobalSection
	GlobalSection(SolutionProperties) = preSolution
		HideSolutionNode = FALSE
	EndGlobalSection
	GlobalSection(ExtensibilityGlobals) = postSolution
		SolutionGuid = {509CBB6D-18EF-46F7-B3AF-E2691756B50F}
	EndGlobalSection
EndGlobal
